// !$*UTF8*$!
{
	archiveVersion = 1;
	classes = {
	};
	objectVersion = 56;
	objects = {

/* Begin PBXBuildFile section */
		3789AD192C52C4A900FC8D1E /* LNFontUtils.swift in Sources */ = {isa = PBXBuildFile; fileRef = 3789AD182C52C4A800FC8D1E /* LNFontUtils.swift */; };
		37E05F972C542E3100265843 /* CustomizePopoverMenus.swift in Sources */ = {isa = PBXBuildFile; fileRef = 37E05F962C542E3100265843 /* CustomizePopoverMenus.swift */; };
		37E05F992C583ECD00265843 /* RichTextEditor.swift in Sources */ = {isa = PBXBuildFile; fileRef = 37E05F982C583ECC00265843 /* RichTextEditor.swift */; };
		37E05F9B2C584BAB00265843 /* Extensions.swift in Sources */ = {isa = PBXBuildFile; fileRef = 37E05F9A2C584BAB00265843 /* Extensions.swift */; };
		37E05F9F2C5C9D9500265843 /* AttributedText.swift in Sources */ = {isa = PBXBuildFile; fileRef = 37E05F9E2C5C9D9400265843 /* AttributedText.swift */; };
		37E05FBE2C658E3B00265843 /* KeyboardAccessoryView.swift in Sources */ = {isa = PBXBuildFile; fileRef = 37E05FBD2C658E3A00265843 /* KeyboardAccessoryView.swift */; };
		37E05FC02C65910B00265843 /* sound56.wav in Resources */ = {isa = PBXBuildFile; fileRef = 37E05FBF2C65910A00265843 /* sound56.wav */; };
		37F383AE2C46DB06004DDCEA /* RichTextKitForAttributedStringApp.swift in Sources */ = {isa = PBXBuildFile; fileRef = 37F383AD2C46DB06004DDCEA /* RichTextKitForAttributedStringApp.swift */; };
		37F383B02C46DB06004DDCEA /* ContentView.swift in Sources */ = {isa = PBXBuildFile; fileRef = 37F383AF2C46DB06004DDCEA /* ContentView.swift */; };
		37F383B22C46DB0B004DDCEA /* Assets.xcassets in Resources */ = {isa = PBXBuildFile; fileRef = 37F383B12C46DB0B004DDCEA /* Assets.xcassets */; };
		37F383B62C46DB0B004DDCEA /* Preview Assets.xcassets in Resources */ = {isa = PBXBuildFile; fileRef = 37F383B52C46DB0B004DDCEA /* Preview Assets.xcassets */; };
		37F383C02C46DCDD004DDCEA /* EditableText.swift in Sources */ = {isa = PBXBuildFile; fileRef = 37F383BF2C46DCDD004DDCEA /* EditableText.swift */; };
/* End PBXBuildFile section */

/* Begin PBXFileReference section */
		3789AD182C52C4A800FC8D1E /* LNFontUtils.swift */ = {isa = PBXFileReference; fileEncoding = 4; lastKnownFileType = sourcecode.swift; path = LNFontUtils.swift; sourceTree = "<group>"; };
		37E05F962C542E3100265843 /* CustomizePopoverMenus.swift */ = {isa = PBXFileReference; lastKnownFileType = sourcecode.swift; path = CustomizePopoverMenus.swift; sourceTree = "<group>"; };
		37E05F982C583ECC00265843 /* RichTextEditor.swift */ = {isa = PBXFileReference; lastKnownFileType = sourcecode.swift; path = RichTextEditor.swift; sourceTree = "<group>"; };
		37E05F9A2C584BAB00265843 /* Extensions.swift */ = {isa = PBXFileReference; fileEncoding = 4; lastKnownFileType = sourcecode.swift; path = Extensions.swift; sourceTree = "<group>"; };
		37E05F9E2C5C9D9400265843 /* AttributedText.swift */ = {isa = PBXFileReference; lastKnownFileType = sourcecode.swift; path = AttributedText.swift; sourceTree = "<group>"; };
		37E05FBD2C658E3A00265843 /* KeyboardAccessoryView.swift */ = {isa = PBXFileReference; fileEncoding = 4; lastKnownFileType = sourcecode.swift; path = KeyboardAccessoryView.swift; sourceTree = "<group>"; };
		37E05FBF2C65910A00265843 /* sound56.wav */ = {isa = PBXFileReference; lastKnownFileType = audio.wav; path = sound56.wav; sourceTree = "<group>"; };
		37F383AA2C46DB06004DDCEA /* RichTextKitForAttributedString.app */ = {isa = PBXFileReference; explicitFileType = wrapper.application; includeInIndex = 0; path = RichTextKitForAttributedString.app; sourceTree = BUILT_PRODUCTS_DIR; };
		37F383AD2C46DB06004DDCEA /* RichTextKitForAttributedStringApp.swift */ = {isa = PBXFileReference; lastKnownFileType = sourcecode.swift; path = RichTextKitForAttributedStringApp.swift; sourceTree = "<group>"; };
		37F383AF2C46DB06004DDCEA /* ContentView.swift */ = {isa = PBXFileReference; lastKnownFileType = sourcecode.swift; path = ContentView.swift; sourceTree = "<group>"; };
		37F383B12C46DB0B004DDCEA /* Assets.xcassets */ = {isa = PBXFileReference; lastKnownFileType = folder.assetcatalog; path = Assets.xcassets; sourceTree = "<group>"; };
		37F383B32C46DB0B004DDCEA /* RichTextKitForAttributedString.entitlements */ = {isa = PBXFileReference; lastKnownFileType = text.plist.entitlements; path = RichTextKitForAttributedString.entitlements; sourceTree = "<group>"; };
		37F383B52C46DB0B004DDCEA /* Preview Assets.xcassets */ = {isa = PBXFileReference; lastKnownFileType = folder.assetcatalog; path = "Preview Assets.xcassets"; sourceTree = "<group>"; };
		37F383BF2C46DCDD004DDCEA /* EditableText.swift */ = {isa = PBXFileReference; lastKnownFileType = sourcecode.swift; path = EditableText.swift; sourceTree = "<group>"; };
/* End PBXFileReference section */

/* Begin PBXFrameworksBuildPhase section */
		37F383A72C46DB06004DDCEA /* Frameworks */ = {
			isa = PBXFrameworksBuildPhase;
			buildActionMask = 2147483647;
			files = (
			);
			runOnlyForDeploymentPostprocessing = 0;
		};
/* End PBXFrameworksBuildPhase section */

/* Begin PBXGroup section */
		37F383A12C46DB06004DDCEA = {
			isa = PBXGroup;
			children = (
				37F383AC2C46DB06004DDCEA /* RichTextKitForAttributedString */,
				37F383AB2C46DB06004DDCEA /* Products */,
			);
			sourceTree = "<group>";
		};
		37F383AB2C46DB06004DDCEA /* Products */ = {
			isa = PBXGroup;
			children = (
				37F383AA2C46DB06004DDCEA /* RichTextKitForAttributedString.app */,
			);
			name = Products;
			sourceTree = "<group>";
		};
		37F383AC2C46DB06004DDCEA /* RichTextKitForAttributedString */ = {
			isa = PBXGroup;
			children = (
				37F383AD2C46DB06004DDCEA /* RichTextKitForAttributedStringApp.swift */,
				37F383AF2C46DB06004DDCEA /* ContentView.swift */,
				37E05F982C583ECC00265843 /* RichTextEditor.swift */,
				37E05FBD2C658E3A00265843 /* KeyboardAccessoryView.swift */,
				37E05F9E2C5C9D9400265843 /* AttributedText.swift */,
				37E05F962C542E3100265843 /* CustomizePopoverMenus.swift */,
				37F383B12C46DB0B004DDCEA /* Assets.xcassets */,
				37F383B32C46DB0B004DDCEA /* RichTextKitForAttributedString.entitlements */,
				37F383B42C46DB0B004DDCEA /* Preview Content */,
				37F383BF2C46DCDD004DDCEA /* EditableText.swift */,
				3789AD182C52C4A800FC8D1E /* LNFontUtils.swift */,
				37E05FBF2C65910A00265843 /* sound56.wav */,
				37E05F9A2C584BAB00265843 /* Extensions.swift */,
			);
			path = RichTextKitForAttributedString;
			sourceTree = "<group>";
		};
		37F383B42C46DB0B004DDCEA /* Preview Content */ = {
			isa = PBXGroup;
			children = (
				37F383B52C46DB0B004DDCEA /* Preview Assets.xcassets */,
			);
			path = "Preview Content";
			sourceTree = "<group>";
		};
/* End PBXGroup section */

/* Begin PBXNativeTarget section */
		37F383A92C46DB06004DDCEA /* RichTextKitForAttributedString */ = {
			isa = PBXNativeTarget;
			buildConfigurationList = 37F383B92C46DB0B004DDCEA /* Build configuration list for PBXNativeTarget "RichTextKitForAttributedString" */;
			buildPhases = (
				37F383A62C46DB06004DDCEA /* Sources */,
				37F383A72C46DB06004DDCEA /* Frameworks */,
				37F383A82C46DB06004DDCEA /* Resources */,
			);
			buildRules = (
			);
			dependencies = (
			);
			name = RichTextKitForAttributedString;
			packageProductDependencies = (
			);
			productName = RichTextKitForAttributedString;
			productReference = 37F383AA2C46DB06004DDCEA /* RichTextKitForAttributedString.app */;
			productType = "com.apple.product-type.application";
		};
/* End PBXNativeTarget section */

/* Begin PBXProject section */
		37F383A22C46DB06004DDCEA /* Project object */ = {
			isa = PBXProject;
			attributes = {
				BuildIndependentTargetsInParallel = 1;
				LastSwiftUpdateCheck = 1540;
				LastUpgradeCheck = 1540;
				TargetAttributes = {
					37F383A92C46DB06004DDCEA = {
						CreatedOnToolsVersion = 15.4;
					};
				};
			};
			buildConfigurationList = 37F383A52C46DB06004DDCEA /* Build configuration list for PBXProject "RichTextKitForAttributedString" */;
			compatibilityVersion = "Xcode 14.0";
			developmentRegion = en;
			hasScannedForEncodings = 0;
			knownRegions = (
				en,
				Base,
			);
			mainGroup = 37F383A12C46DB06004DDCEA;
			packageReferences = (
			);
			productRefGroup = 37F383AB2C46DB06004DDCEA /* Products */;
			projectDirPath = "";
			projectRoot = "";
			targets = (
				37F383A92C46DB06004DDCEA /* RichTextKitForAttributedString */,
			);
		};
/* End PBXProject section */

/* Begin PBXResourcesBuildPhase section */
		37F383A82C46DB06004DDCEA /* Resources */ = {
			isa = PBXResourcesBuildPhase;
			buildActionMask = 2147483647;
			files = (
				37F383B62C46DB0B004DDCEA /* Preview Assets.xcassets in Resources */,
				37F383B22C46DB0B004DDCEA /* Assets.xcassets in Resources */,
				37E05FC02C65910B00265843 /* sound56.wav in Resources */,
			);
			runOnlyForDeploymentPostprocessing = 0;
		};
/* End PBXResourcesBuildPhase section */

/* Begin PBXSourcesBuildPhase section */
		37F383A62C46DB06004DDCEA /* Sources */ = {
			isa = PBXSourcesBuildPhase;
			buildActionMask = 2147483647;
			files = (
				37F383C02C46DCDD004DDCEA /* EditableText.swift in Sources */,
				37E05FBE2C658E3B00265843 /* KeyboardAccessoryView.swift in Sources */,
				37F383B02C46DB06004DDCEA /* ContentView.swift in Sources */,
				37E05F972C542E3100265843 /* CustomizePopoverMenus.swift in Sources */,
				37E05F992C583ECD00265843 /* RichTextEditor.swift in Sources */,
				37E05F9F2C5C9D9500265843 /* AttributedText.swift in Sources */,
				3789AD192C52C4A900FC8D1E /* LNFontUtils.swift in Sources */,
				37F383AE2C46DB06004DDCEA /* RichTextKitForAttributedStringApp.swift in Sources */,
				37E05F9B2C584BAB00265843 /* Extensions.swift in Sources */,
			);
			runOnlyForDeploymentPostprocessing = 0;
		};
/* End PBXSourcesBuildPhase section */

/* Begin XCBuildConfiguration section */
		37F383B72C46DB0B004DDCEA /* Debug */ = {
			isa = XCBuildConfiguration;
			buildSettings = {
				ALWAYS_SEARCH_USER_PATHS = NO;
				ASSETCATALOG_COMPILER_GENERATE_SWIFT_ASSET_SYMBOL_EXTENSIONS = YES;
				CLANG_ANALYZER_NONNULL = YES;
				CLANG_ANALYZER_NUMBER_OBJECT_CONVERSION = YES_AGGRESSIVE;
				CLANG_CXX_LANGUAGE_STANDARD = "gnu++20";
				CLANG_ENABLE_MODULES = YES;
				CLANG_ENABLE_OBJC_ARC = YES;
				CLANG_ENABLE_OBJC_WEAK = YES;
				CLANG_WARN_BLOCK_CAPTURE_AUTORELEASING = YES;
				CLANG_WARN_BOOL_CONVERSION = YES;
				CLANG_WARN_COMMA = YES;
				CLANG_WARN_CONSTANT_CONVERSION = YES;
				CLANG_WARN_DEPRECATED_OBJC_IMPLEMENTATIONS = YES;
				CLANG_WARN_DIRECT_OBJC_ISA_USAGE = YES_ERROR;
				CLANG_WARN_DOCUMENTATION_COMMENTS = YES;
				CLANG_WARN_EMPTY_BODY = YES;
				CLANG_WARN_ENUM_CONVERSION = YES;
				CLANG_WARN_INFINITE_RECURSION = YES;
				CLANG_WARN_INT_CONVERSION = YES;
				CLANG_WARN_NON_LITERAL_NULL_CONVERSION = YES;
				CLANG_WARN_OBJC_IMPLICIT_RETAIN_SELF = YES;
				CLANG_WARN_OBJC_LITERAL_CONVERSION = YES;
				CLANG_WARN_OBJC_ROOT_CLASS = YES_ERROR;
				CLANG_WARN_QUOTED_INCLUDE_IN_FRAMEWORK_HEADER = YES;
				CLANG_WARN_RANGE_LOOP_ANALYSIS = YES;
				CLANG_WARN_STRICT_PROTOTYPES = YES;
				CLANG_WARN_SUSPICIOUS_MOVE = YES;
				CLANG_WARN_UNGUARDED_AVAILABILITY = YES_AGGRESSIVE;
				CLANG_WARN_UNREACHABLE_CODE = YES;
				CLANG_WARN__DUPLICATE_METHOD_MATCH = YES;
				COPY_PHASE_STRIP = NO;
				DEBUG_INFORMATION_FORMAT = dwarf;
				ENABLE_STRICT_OBJC_MSGSEND = YES;
				ENABLE_TESTABILITY = YES;
				ENABLE_USER_SCRIPT_SANDBOXING = YES;
				GCC_C_LANGUAGE_STANDARD = gnu17;
				GCC_DYNAMIC_NO_PIC = NO;
				GCC_NO_COMMON_BLOCKS = YES;
				GCC_OPTIMIZATION_LEVEL = 0;
				GCC_PREPROCESSOR_DEFINITIONS = (
					"DEBUG=1",
					"$(inherited)",
				);
				GCC_WARN_64_TO_32_BIT_CONVERSION = YES;
				GCC_WARN_ABOUT_RETURN_TYPE = YES_ERROR;
				GCC_WARN_UNDECLARED_SELECTOR = YES;
				GCC_WARN_UNINITIALIZED_AUTOS = YES_AGGRESSIVE;
				GCC_WARN_UNUSED_FUNCTION = YES;
				GCC_WARN_UNUSED_VARIABLE = YES;
				LOCALIZATION_PREFERS_STRING_CATALOGS = YES;
				MTL_ENABLE_DEBUG_INFO = INCLUDE_SOURCE;
				MTL_FAST_MATH = YES;
				ONLY_ACTIVE_ARCH = YES;
				SWIFT_ACTIVE_COMPILATION_CONDITIONS = "DEBUG $(inherited)";
				SWIFT_OPTIMIZATION_LEVEL = "-Onone";
			};
			name = Debug;
		};
		37F383B82C46DB0B004DDCEA /* Release */ = {
			isa = XCBuildConfiguration;
			buildSettings = {
				ALWAYS_SEARCH_USER_PATHS = NO;
				ASSETCATALOG_COMPILER_GENERATE_SWIFT_ASSET_SYMBOL_EXTENSIONS = YES;
				CLANG_ANALYZER_NONNULL = YES;
				CLANG_ANALYZER_NUMBER_OBJECT_CONVERSION = YES_AGGRESSIVE;
				CLANG_CXX_LANGUAGE_STANDARD = "gnu++20";
				CLANG_ENABLE_MODULES = YES;
				CLANG_ENABLE_OBJC_ARC = YES;
				CLANG_ENABLE_OBJC_WEAK = YES;
				CLANG_WARN_BLOCK_CAPTURE_AUTORELEASING = YES;
				CLANG_WARN_BOOL_CONVERSION = YES;
				CLANG_WARN_COMMA = YES;
				CLANG_WARN_CONSTANT_CONVERSION = YES;
				CLANG_WARN_DEPRECATED_OBJC_IMPLEMENTATIONS = YES;
				CLANG_WARN_DIRECT_OBJC_ISA_USAGE = YES_ERROR;
				CLANG_WARN_DOCUMENTATION_COMMENTS = YES;
				CLANG_WARN_EMPTY_BODY = YES;
				CLANG_WARN_ENUM_CONVERSION = YES;
				CLANG_WARN_INFINITE_RECURSION = YES;
				CLANG_WARN_INT_CONVERSION = YES;
				CLANG_WARN_NON_LITERAL_NULL_CONVERSION = YES;
				CLANG_WARN_OBJC_IMPLICIT_RETAIN_SELF = YES;
				CLANG_WARN_OBJC_LITERAL_CONVERSION = YES;
				CLANG_WARN_OBJC_ROOT_CLASS = YES_ERROR;
				CLANG_WARN_QUOTED_INCLUDE_IN_FRAMEWORK_HEADER = YES;
				CLANG_WARN_RANGE_LOOP_ANALYSIS = YES;
				CLANG_WARN_STRICT_PROTOTYPES = YES;
				CLANG_WARN_SUSPICIOUS_MOVE = YES;
				CLANG_WARN_UNGUARDED_AVAILABILITY = YES_AGGRESSIVE;
				CLANG_WARN_UNREACHABLE_CODE = YES;
				CLANG_WARN__DUPLICATE_METHOD_MATCH = YES;
				COPY_PHASE_STRIP = NO;
				DEBUG_INFORMATION_FORMAT = "dwarf-with-dsym";
				ENABLE_NS_ASSERTIONS = NO;
				ENABLE_STRICT_OBJC_MSGSEND = YES;
				ENABLE_USER_SCRIPT_SANDBOXING = YES;
				GCC_C_LANGUAGE_STANDARD = gnu17;
				GCC_NO_COMMON_BLOCKS = YES;
				GCC_WARN_64_TO_32_BIT_CONVERSION = YES;
				GCC_WARN_ABOUT_RETURN_TYPE = YES_ERROR;
				GCC_WARN_UNDECLARED_SELECTOR = YES;
				GCC_WARN_UNINITIALIZED_AUTOS = YES_AGGRESSIVE;
				GCC_WARN_UNUSED_FUNCTION = YES;
				GCC_WARN_UNUSED_VARIABLE = YES;
				LOCALIZATION_PREFERS_STRING_CATALOGS = YES;
				MTL_ENABLE_DEBUG_INFO = NO;
				MTL_FAST_MATH = YES;
				SWIFT_COMPILATION_MODE = wholemodule;
			};
			name = Release;
		};
		37F383BA2C46DB0B004DDCEA /* Debug */ = {
			isa = XCBuildConfiguration;
			buildSettings = {
				ASSETCATALOG_COMPILER_APPICON_NAME = AppIcon;
				ASSETCATALOG_COMPILER_GLOBAL_ACCENT_COLOR_NAME = AccentColor;
				CODE_SIGN_ENTITLEMENTS = RichTextKitForAttributedString/RichTextKitForAttributedString.entitlements;
				CODE_SIGN_STYLE = Automatic;
				CURRENT_PROJECT_VERSION = 1;
				DEVELOPMENT_ASSET_PATHS = "\"RichTextKitForAttributedString/Preview Content\"";
				DEVELOPMENT_TEAM = C7S45947T7;
				ENABLE_HARDENED_RUNTIME = YES;
				ENABLE_PREVIEWS = YES;
				GENERATE_INFOPLIST_FILE = YES;
				"INFOPLIST_KEY_UIApplicationSceneManifest_Generation[sdk=iphoneos*]" = YES;
				"INFOPLIST_KEY_UIApplicationSceneManifest_Generation[sdk=iphonesimulator*]" = YES;
				"INFOPLIST_KEY_UIApplicationSupportsIndirectInputEvents[sdk=iphoneos*]" = YES;
				"INFOPLIST_KEY_UIApplicationSupportsIndirectInputEvents[sdk=iphonesimulator*]" = YES;
				"INFOPLIST_KEY_UILaunchScreen_Generation[sdk=iphoneos*]" = YES;
				"INFOPLIST_KEY_UILaunchScreen_Generation[sdk=iphonesimulator*]" = YES;
				"INFOPLIST_KEY_UIStatusBarStyle[sdk=iphoneos*]" = UIStatusBarStyleDefault;
				"INFOPLIST_KEY_UIStatusBarStyle[sdk=iphonesimulator*]" = UIStatusBarStyleDefault;
				INFOPLIST_KEY_UISupportedInterfaceOrientations_iPad = "UIInterfaceOrientationPortrait UIInterfaceOrientationPortraitUpsideDown UIInterfaceOrientationLandscapeLeft UIInterfaceOrientationLandscapeRight";
				INFOPLIST_KEY_UISupportedInterfaceOrientations_iPhone = "UIInterfaceOrientationPortrait UIInterfaceOrientationLandscapeLeft UIInterfaceOrientationLandscapeRight";
				IPHONEOS_DEPLOYMENT_TARGET = 15.5;
				LD_RUNPATH_SEARCH_PATHS = "@executable_path/Frameworks";
				"LD_RUNPATH_SEARCH_PATHS[sdk=macosx*]" = "@executable_path/../Frameworks";
				MACOSX_DEPLOYMENT_TARGET = 14.5;
				MARKETING_VERSION = 1.0;
				PRODUCT_BUNDLE_IDENTIFIER = com.MoundCitySoftware.RichTextKitForAttributedString;
				PRODUCT_NAME = "$(TARGET_NAME)";
				SDKROOT = auto;
				SUPPORTED_PLATFORMS = "iphoneos iphonesimulator";
				SUPPORTS_MACCATALYST = YES;
				SWIFT_EMIT_LOC_STRINGS = YES;
				SWIFT_VERSION = 5.0;
				TARGETED_DEVICE_FAMILY = "1,2,6";
			};
			name = Debug;
		};
		37F383BB2C46DB0B004DDCEA /* Release */ = {
			isa = XCBuildConfiguration;
			buildSettings = {
				ASSETCATALOG_COMPILER_APPICON_NAME = AppIcon;
				ASSETCATALOG_COMPILER_GLOBAL_ACCENT_COLOR_NAME = AccentColor;
				CODE_SIGN_ENTITLEMENTS = RichTextKitForAttributedString/RichTextKitForAttributedString.entitlements;
				CODE_SIGN_STYLE = Automatic;
				CURRENT_PROJECT_VERSION = 1;
				DEVELOPMENT_ASSET_PATHS = "\"RichTextKitForAttributedString/Preview Content\"";
				DEVELOPMENT_TEAM = C7S45947T7;
				ENABLE_HARDENED_RUNTIME = YES;
				ENABLE_PREVIEWS = YES;
				GENERATE_INFOPLIST_FILE = YES;
				"INFOPLIST_KEY_UIApplicationSceneManifest_Generation[sdk=iphoneos*]" = YES;
				"INFOPLIST_KEY_UIApplicationSceneManifest_Generation[sdk=iphonesimulator*]" = YES;
				"INFOPLIST_KEY_UIApplicationSupportsIndirectInputEvents[sdk=iphoneos*]" = YES;
				"INFOPLIST_KEY_UIApplicationSupportsIndirectInputEvents[sdk=iphonesimulator*]" = YES;
				"INFOPLIST_KEY_UILaunchScreen_Generation[sdk=iphoneos*]" = YES;
				"INFOPLIST_KEY_UILaunchScreen_Generation[sdk=iphonesimulator*]" = YES;
				"INFOPLIST_KEY_UIStatusBarStyle[sdk=iphoneos*]" = UIStatusBarStyleDefault;
				"INFOPLIST_KEY_UIStatusBarStyle[sdk=iphonesimulator*]" = UIStatusBarStyleDefault;
				INFOPLIST_KEY_UISupportedInterfaceOrientations_iPad = "UIInterfaceOrientationPortrait UIInterfaceOrientationPortraitUpsideDown UIInterfaceOrientationLandscapeLeft UIInterfaceOrientationLandscapeRight";
				INFOPLIST_KEY_UISupportedInterfaceOrientations_iPhone = "UIInterfaceOrientationPortrait UIInterfaceOrientationLandscapeLeft UIInterfaceOrientationLandscapeRight";
				IPHONEOS_DEPLOYMENT_TARGET = 15.5;
				LD_RUNPATH_SEARCH_PATHS = "@executable_path/Frameworks";
				"LD_RUNPATH_SEARCH_PATHS[sdk=macosx*]" = "@executable_path/../Frameworks";
				MACOSX_DEPLOYMENT_TARGET = 14.5;
				MARKETING_VERSION = 1.0;
				PRODUCT_BUNDLE_IDENTIFIER = com.MoundCitySoftware.RichTextKitForAttributedString;
				PRODUCT_NAME = "$(TARGET_NAME)";
				SDKROOT = auto;
				SUPPORTED_PLATFORMS = "iphoneos iphonesimulator";
				SUPPORTS_MACCATALYST = YES;
				SWIFT_EMIT_LOC_STRINGS = YES;
				SWIFT_VERSION = 5.0;
				TARGETED_DEVICE_FAMILY = "1,2,6";
			};
			name = Release;
		};
/* End XCBuildConfiguration section */

/* Begin XCConfigurationList section */
		37F383A52C46DB06004DDCEA /* Build configuration list for PBXProject "RichTextKitForAttributedString" */ = {
			isa = XCConfigurationList;
			buildConfigurations = (
				37F383B72C46DB0B004DDCEA /* Debug */,
				37F383B82C46DB0B004DDCEA /* Release */,
			);
			defaultConfigurationIsVisible = 0;
			defaultConfigurationName = Release;
		};
		37F383B92C46DB0B004DDCEA /* Build configuration list for PBXNativeTarget "RichTextKitForAttributedString" */ = {
			isa = XCConfigurationList;
			buildConfigurations = (
				37F383BA2C46DB0B004DDCEA /* Debug */,
				37F383BB2C46DB0B004DDCEA /* Release */,
			);
			defaultConfigurationIsVisible = 0;
			defaultConfigurationName = Release;
		};
/* End XCConfigurationList section */
	};
	rootObject = 37F383A22C46DB06004DDCEA /* Project object */;
}
